
Microsoft Visual Studio Solution File, Format Version 12.00
# Visual Studio Version 16
VisualStudioVersion = 16.0.32602.291
MinimumVisualStudioVersion = 10.0.40219.1
Project("{FAE04EC0-301F-11D3-BF4B-00C04F79EFBC}") = "MyDictionary", "MyDictionary\MyDictionary.csproj", "{925A26A4-3578-421B-B33B-5C7DD80BCEB2}"
EndProject
Global
	GlobalSection(SolutionConfigurationPlatforms) = preSolution
		Debug|Any CPU = Debug|Any CPU
		Release|Any CPU = Release|Any CPU
	EndGlobalSection
	GlobalSection(ProjectConfigurationPlatforms) = postSolution
		{925A26A4-3578-421B-B33B-5C7DD80BCEB2}.Debug|Any CPU.ActiveCfg = Debug|Any CPU
		{925A26A4-3578-421B-B33B-5C7DD80BCEB2}.Debug|Any CPU.Build.0 = Debug|Any CPU
		{925A26A4-3578-421B-B33B-5C7DD80BCEB2}.Release|Any CPU.ActiveCfg = Release|Any CPU
		{925A26A4-3578-421B-B33B-5C7DD80BCEB2}.Release|Any CPU.Build.0 = Release|Any CPU
	EndGlobalSection
	GlobalSection(SolutionProperties) = preSolution
		HideSolutionNode = FALSE
	EndGlobalSection
	GlobalSection(ExtensibilityGlobals) = postSolution
		SolutionGuid = {4712C12C-052B-4584-A871-228CEC375ADA}
	EndGlobalSection
EndGlobal
